
Microsoft Visual Studio Solution File, Format Version 12.00
# Visual Studio Version 17
VisualStudioVersion = 17.1.32328.378
MinimumVisualStudioVersion = 10.0.40219.1
Project("{9A19103F-16F7-4668-BE54-9A1E7A4F7556}") = "Prog2 Dutytask1", "Prog2 Dutytask1\Prog2 Dutytask1.csproj", "{DB0075B2-1E50-40B8-AA0D-17911EA865EB}"
EndProject
Project("{FAE04EC0-301F-11D3-BF4B-00C04F79EFBC}") = "Prog2 Dutytask2", "Prog2 Dutytask2\Prog2 Dutytask2.csproj", "{632297E1-32B1-48F7-BAFF-6D1A686EB5FA}"
EndProject
Project("{9A19103F-16F7-4668-BE54-9A1E7A4F7556}") = "Prog2 Practis2", "Prog2 Practis2\Prog2 Practis2.csproj", "{CBA0B0E9-7885-48D9-8A9A-C64C8CFC057B}"
EndProject
Project("{9A19103F-16F7-4668-BE54-9A1E7A4F7556}") = "Prog2 Practis3", "Prog2 Practis3\Prog2 Practis3.csproj", "{151876F6-9044-4DF4-AAC9-04327AC7F9E1}"
EndProject
Project("{9A19103F-16F7-4668-BE54-9A1E7A4F7556}") = "Prog1 Dutytask8", "Prog1 Dutytask8\Prog1 Dutytask8.csproj", "{51800EFB-AA06-4B23-B651-E4044F63809E}"
EndProject
Project("{9A19103F-16F7-4668-BE54-9A1E7A4F7556}") = "Prog1 Dutytask4", "Prog1 Dutytask4\Prog1 Dutytask4.csproj", "{FB7057B1-C3D7-4219-A7A1-D17B08166FE6}"
EndProject
Project("{9A19103F-16F7-4668-BE54-9A1E7A4F7556}") = "Prog1 Dutytask5", "Prog1 Dutytask5\Prog1 Dutytask5.csproj", "{08FF0669-3BF4-4815-8934-EA336491516A}"
EndProject
Project("{9A19103F-16F7-4668-BE54-9A1E7A4F7556}") = "Prog1 Dutytask6", "Prog1 Dutytask6\Prog1 Dutytask6.csproj", "{8E54D56C-F373-4C26-9B06-1AA7D702FDC1}"
EndProject
Project("{9A19103F-16F7-4668-BE54-9A1E7A4F7556}") = "Prog1 Dutytask2", "Prog1 Dutytask2\Prog1 Dutytask2.csproj", "{6F18B799-0E9B-4DB8-A593-19C36C6F9BA1}"
EndProject
Project("{9A19103F-16F7-4668-BE54-9A1E7A4F7556}") = "Prog1 Dutytask3", "Prog1 Dutytask3\Prog1 Dutytask3.csproj", "{4785CE47-920F-4717-8644-21660F05C8CD}"
EndProject
Project("{9A19103F-16F7-4668-BE54-9A1E7A4F7556}") = "Prog1 Dutytask7", "Prog1 Dutytask7\Prog1 Dutytask7.csproj", "{BABF2F4A-5FAE-41BB-A720-492B0204F06C}"
EndProject
Project("{9A19103F-16F7-4668-BE54-9A1E7A4F7556}") = "Prog1 Practis9", "Prog1 Practis9\Prog1 Practis9.csproj", "{E6DAC2F6-ECDC-4F07-B147-6DF20019A8E0}"
EndProject
Project("{9A19103F-16F7-4668-BE54-9A1E7A4F7556}") = "Prog1 Practis11", "Prog1 Practis11\Prog1 Practis11.csproj", "{9F762C9F-92E0-4779-AE2F-F1289F0B05D3}"
EndProject
Project("{9A19103F-16F7-4668-BE54-9A1E7A4F7556}") = "Prog1 LabyPathFinder", "Prog1 LabyPathFinder\Prog1 LabyPathFinder.csproj", "{96DCF75D-77E6-4998-89E4-B510EF1DF466}"
EndProject
Project("{9A19103F-16F7-4668-BE54-9A1E7A4F7556}") = "Prog1 Practis10", "Prog1 Practis10\Prog1 Practis10.csproj", "{C26A97A5-8BB8-4BE3-9745-D6FB13067FC0}"
EndProject
Project("{9A19103F-16F7-4668-BE54-9A1E7A4F7556}") = "Prog1 Practis8", "Prog1 Practis8\Prog1 Practis8.csproj", "{EEB5F396-F295-4E95-B1EB-521F58CBF34D}"
EndProject
Project("{9A19103F-16F7-4668-BE54-9A1E7A4F7556}") = "Prog2 Practis6", "Prog2 Practis6\Prog2 Practis6.csproj", "{7EA5BE21-EE85-4E1F-BA73-3CF739A0EC78}"
EndProject
Project("{FAE04EC0-301F-11D3-BF4B-00C04F79EFBC}") = "Prog2 Practis7", "Prog2 Practis7\Prog2 Practis7.csproj", "{117A271B-2EF7-4754-BF1A-80BE998EBC49}"
EndProject
Project("{FAE04EC0-301F-11D3-BF4B-00C04F79EFBC}") = "Prog2 Practis1", "Prog2 Practis1\Prog2 Practis1.csproj", "{57AE50E0-7229-46A6-8724-C63B72D0598C}"
EndProject
Global
	GlobalSection(SolutionConfigurationPlatforms) = preSolution
		Debug|Any CPU = Debug|Any CPU
		Release|Any CPU = Release|Any CPU
	EndGlobalSection
	GlobalSection(ProjectConfigurationPlatforms) = postSolution
		{DB0075B2-1E50-40B8-AA0D-17911EA865EB}.Debug|Any CPU.ActiveCfg = Debug|Any CPU
		{DB0075B2-1E50-40B8-AA0D-17911EA865EB}.Debug|Any CPU.Build.0 = Debug|Any CPU
		{DB0075B2-1E50-40B8-AA0D-17911EA865EB}.Release|Any CPU.ActiveCfg = Release|Any CPU
		{DB0075B2-1E50-40B8-AA0D-17911EA865EB}.Release|Any CPU.Build.0 = Release|Any CPU
		{632297E1-32B1-48F7-BAFF-6D1A686EB5FA}.Debug|Any CPU.ActiveCfg = Debug|Any CPU
		{632297E1-32B1-48F7-BAFF-6D1A686EB5FA}.Debug|Any CPU.Build.0 = Debug|Any CPU
		{632297E1-32B1-48F7-BAFF-6D1A686EB5FA}.Release|Any CPU.ActiveCfg = Release|Any CPU
		{632297E1-32B1-48F7-BAFF-6D1A686EB5FA}.Release|Any CPU.Build.0 = Release|Any CPU
		{CBA0B0E9-7885-48D9-8A9A-C64C8CFC057B}.Debug|Any CPU.ActiveCfg = Debug|Any CPU
		{CBA0B0E9-7885-48D9-8A9A-C64C8CFC057B}.Debug|Any CPU.Build.0 = Debug|Any CPU
		{CBA0B0E9-7885-48D9-8A9A-C64C8CFC057B}.Release|Any CPU.ActiveCfg = Release|Any CPU
		{CBA0B0E9-7885-48D9-8A9A-C64C8CFC057B}.Release|Any CPU.Build.0 = Release|Any CPU
		{151876F6-9044-4DF4-AAC9-04327AC7F9E1}.Debug|Any CPU.ActiveCfg = Debug|Any CPU
		{151876F6-9044-4DF4-AAC9-04327AC7F9E1}.Debug|Any CPU.Build.0 = Debug|Any CPU
		{151876F6-9044-4DF4-AAC9-04327AC7F9E1}.Release|Any CPU.ActiveCfg = Release|Any CPU
		{151876F6-9044-4DF4-AAC9-04327AC7F9E1}.Release|Any CPU.Build.0 = Release|Any CPU
		{51800EFB-AA06-4B23-B651-E4044F63809E}.Debug|Any CPU.ActiveCfg = Debug|Any CPU
		{51800EFB-AA06-4B23-B651-E4044F63809E}.Debug|Any CPU.Build.0 = Debug|Any CPU
		{51800EFB-AA06-4B23-B651-E4044F63809E}.Release|Any CPU.ActiveCfg = Release|Any CPU
		{51800EFB-AA06-4B23-B651-E4044F63809E}.Release|Any CPU.Build.0 = Release|Any CPU
		{FB7057B1-C3D7-4219-A7A1-D17B08166FE6}.Debug|Any CPU.ActiveCfg = Debug|Any CPU
		{FB7057B1-C3D7-4219-A7A1-D17B08166FE6}.Debug|Any CPU.Build.0 = Debug|Any CPU
		{FB7057B1-C3D7-4219-A7A1-D17B08166FE6}.Release|Any CPU.ActiveCfg = Release|Any CPU
		{FB7057B1-C3D7-4219-A7A1-D17B08166FE6}.Release|Any CPU.Build.0 = Release|Any CPU
		{08FF0669-3BF4-4815-8934-EA336491516A}.Debug|Any CPU.ActiveCfg = Debug|Any CPU
		{08FF0669-3BF4-4815-8934-EA336491516A}.Debug|Any CPU.Build.0 = Debug|Any CPU
		{08FF0669-3BF4-4815-8934-EA336491516A}.Release|Any CPU.ActiveCfg = Release|Any CPU
		{08FF0669-3BF4-4815-8934-EA336491516A}.Release|Any CPU.Build.0 = Release|Any CPU
		{8E54D56C-F373-4C26-9B06-1AA7D702FDC1}.Debug|Any CPU.ActiveCfg = Debug|Any CPU
		{8E54D56C-F373-4C26-9B06-1AA7D702FDC1}.Debug|Any CPU.Build.0 = Debug|Any CPU
		{8E54D56C-F373-4C26-9B06-1AA7D702FDC1}.Release|Any CPU.ActiveCfg = Release|Any CPU
		{8E54D56C-F373-4C26-9B06-1AA7D702FDC1}.Release|Any CPU.Build.0 = Release|Any CPU
		{6F18B799-0E9B-4DB8-A593-19C36C6F9BA1}.Debug|Any CPU.ActiveCfg = Debug|Any CPU
		{6F18B799-0E9B-4DB8-A593-19C36C6F9BA1}.Debug|Any CPU.Build.0 = Debug|Any CPU
		{6F18B799-0E9B-4DB8-A593-19C36C6F9BA1}.Release|Any CPU.ActiveCfg = Release|Any CPU
		{6F18B799-0E9B-4DB8-A593-19C36C6F9BA1}.Release|Any CPU.Build.0 = Release|Any CPU
		{4785CE47-920F-4717-8644-21660F05C8CD}.Debug|Any CPU.ActiveCfg = Debug|Any CPU
		{4785CE47-920F-4717-8644-21660F05C8CD}.Debug|Any CPU.Build.0 = Debug|Any CPU
		{4785CE47-920F-4717-8644-21660F05C8CD}.Release|Any CPU.ActiveCfg = Release|Any CPU
		{4785CE47-920F-4717-8644-21660F05C8CD}.Release|Any CPU.Build.0 = Release|Any CPU
		{BABF2F4A-5FAE-41BB-A720-492B0204F06C}.Debug|Any CPU.ActiveCfg = Debug|Any CPU
		{BABF2F4A-5FAE-41BB-A720-492B0204F06C}.Debug|Any CPU.Build.0 = Debug|Any CPU
		{BABF2F4A-5FAE-41BB-A720-492B0204F06C}.Release|Any CPU.ActiveCfg = Release|Any CPU
		{BABF2F4A-5FAE-41BB-A720-492B0204F06C}.Release|Any CPU.Build.0 = Release|Any CPU
		{E6DAC2F6-ECDC-4F07-B147-6DF20019A8E0}.Debug|Any CPU.ActiveCfg = Debug|Any CPU
		{E6DAC2F6-ECDC-4F07-B147-6DF20019A8E0}.Debug|Any CPU.Build.0 = Debug|Any CPU
		{E6DAC2F6-ECDC-4F07-B147-6DF20019A8E0}.Release|Any CPU.ActiveCfg = Release|Any CPU
		{E6DAC2F6-ECDC-4F07-B147-6DF20019A8E0}.Release|Any CPU.Build.0 = Release|Any CPU
		{9F762C9F-92E0-4779-AE2F-F1289F0B05D3}.Debug|Any CPU.ActiveCfg = Debug|Any CPU
		{9F762C9F-92E0-4779-AE2F-F1289F0B05D3}.Debug|Any CPU.Build.0 = Debug|Any CPU
		{9F762C9F-92E0-4779-AE2F-F1289F0B05D3}.Release|Any CPU.ActiveCfg = Release|Any CPU
		{9F762C9F-92E0-4779-AE2F-F1289F0B05D3}.Release|Any CPU.Build.0 = Release|Any CPU
		{96DCF75D-77E6-4998-89E4-B510EF1DF466}.Debug|Any CPU.ActiveCfg = Debug|Any CPU
		{96DCF75D-77E6-4998-89E4-B510EF1DF466}.Debug|Any CPU.Build.0 = Debug|Any CPU
		{96DCF75D-77E6-4998-89E4-B510EF1DF466}.Release|Any CPU.ActiveCfg = Release|Any CPU
		{96DCF75D-77E6-4998-89E4-B510EF1DF466}.Release|Any CPU.Build.0 = Release|Any CPU
		{C26A97A5-8BB8-4BE3-9745-D6FB13067FC0}.Debug|Any CPU.ActiveCfg = Debug|Any CPU
		{C26A97A5-8BB8-4BE3-9745-D6FB13067FC0}.Debug|Any CPU.Build.0 = Debug|Any CPU
		{C26A97A5-8BB8-4BE3-9745-D6FB13067FC0}.Release|Any CPU.ActiveCfg = Release|Any CPU
		{C26A97A5-8BB8-4BE3-9745-D6FB13067FC0}.Release|Any CPU.Build.0 = Release|Any CPU
		{EEB5F396-F295-4E95-B1EB-521F58CBF34D}.Debug|Any CPU.ActiveCfg = Debug|Any CPU
		{EEB5F396-F295-4E95-B1EB-521F58CBF34D}.Debug|Any CPU.Build.0 = Debug|Any CPU
		{EEB5F396-F295-4E95-B1EB-521F58CBF34D}.Release|Any CPU.ActiveCfg = Release|Any CPU
		{EEB5F396-F295-4E95-B1EB-521F58CBF34D}.Release|Any CPU.Build.0 = Release|Any CPU
		{7EA5BE21-EE85-4E1F-BA73-3CF739A0EC78}.Debug|Any CPU.ActiveCfg = Debug|Any CPU
		{7EA5BE21-EE85-4E1F-BA73-3CF739A0EC78}.Debug|Any CPU.Build.0 = Debug|Any CPU
		{7EA5BE21-EE85-4E1F-BA73-3CF739A0EC78}.Release|Any CPU.ActiveCfg = Release|Any CPU
		{7EA5BE21-EE85-4E1F-BA73-3CF739A0EC78}.Release|Any CPU.Build.0 = Release|Any CPU
		{117A271B-2EF7-4754-BF1A-80BE998EBC49}.Debug|Any CPU.ActiveCfg = Debug|Any CPU
		{117A271B-2EF7-4754-BF1A-80BE998EBC49}.Debug|Any CPU.Build.0 = Debug|Any CPU
		{117A271B-2EF7-4754-BF1A-80BE998EBC49}.Release|Any CPU.ActiveCfg = Release|Any CPU
		{117A271B-2EF7-4754-BF1A-80BE998EBC49}.Release|Any CPU.Build.0 = Release|Any CPU
		{57AE50E0-7229-46A6-8724-C63B72D0598C}.Debug|Any CPU.ActiveCfg = Debug|Any CPU
		{57AE50E0-7229-46A6-8724-C63B72D0598C}.Debug|Any CPU.Build.0 = Debug|Any CPU
		{57AE50E0-7229-46A6-8724-C63B72D0598C}.Release|Any CPU.ActiveCfg = Release|Any CPU
		{57AE50E0-7229-46A6-8724-C63B72D0598C}.Release|Any CPU.Build.0 = Release|Any CPU
	EndGlobalSection
	GlobalSection(SolutionProperties) = preSolution
		HideSolutionNode = FALSE
	EndGlobalSection
	GlobalSection(ExtensibilityGlobals) = postSolution
		SolutionGuid = {85E9C8AD-A20D-4523-9A44-34CDB1352874}
	EndGlobalSection
EndGlobal
