
Microsoft Visual Studio Solution File, Format Version 12.00
# Visual Studio Version 17
VisualStudioVersion = 17.1.32328.378
MinimumVisualStudioVersion = 10.0.40219.1
Project("{9A19103F-16F7-4668-BE54-9A1E7A4F7556}") = "Prog2 Dutytask1", "Prog2 Dutytask1\Prog2 Dutytask1.csproj", "{DB0075B2-1E50-40B8-AA0D-17911EA865EB}"
EndProject
Project("{FAE04EC0-301F-11D3-BF4B-00C04F79EFBC}") = "Prog2 Dutytask2", "Prog2 Dutytask2\Prog2 Dutytask2.csproj", "{632297E1-32B1-48F7-BAFF-6D1A686EB5FA}"
EndProject
Project("{9A19103F-16F7-4668-BE54-9A1E7A4F7556}") = "Prog2 Practis2", "Prog2 Practis2\Prog2 Practis2.csproj", "{CBA0B0E9-7885-48D9-8A9A-C64C8CFC057B}"
EndProject
Project("{9A19103F-16F7-4668-BE54-9A1E7A4F7556}") = "Prog2 Practis3", "Prog2 Practis3\Prog2 Practis3.csproj", "{151876F6-9044-4DF4-AAC9-04327AC7F9E1}"
EndProject
Project("{9A19103F-16F7-4668-BE54-9A1E7A4F7556}") = "Prog1 Dutytask8", "Prog1 Dutytask8\Prog1 Dutytask8.csproj", "{51800EFB-AA06-4B23-B651-E4044F63809E}"
EndProject
Project("{9A19103F-16F7-4668-BE54-9A1E7A4F7556}") = "Prog1 Dutytask4", "Prog1 Dutytask4\Prog1 Dutytask4.csproj", "{FB7057B1-C3D7-4219-A7A1-D17B08166FE6}"
EndProject
Global
	GlobalSection(SolutionConfigurationPlatforms) = preSolution
		Debug|Any CPU = Debug|Any CPU
		Release|Any CPU = Release|Any CPU
	EndGlobalSection
	GlobalSection(ProjectConfigurationPlatforms) = postSolution
		{DB0075B2-1E50-40B8-AA0D-17911EA865EB}.Debug|Any CPU.ActiveCfg = Debug|Any CPU
		{DB0075B2-1E50-40B8-AA0D-17911EA865EB}.Debug|Any CPU.Build.0 = Debug|Any CPU
		{DB0075B2-1E50-40B8-AA0D-17911EA865EB}.Release|Any CPU.ActiveCfg = Release|Any CPU
		{DB0075B2-1E50-40B8-AA0D-17911EA865EB}.Release|Any CPU.Build.0 = Release|Any CPU
		{632297E1-32B1-48F7-BAFF-6D1A686EB5FA}.Debug|Any CPU.ActiveCfg = Debug|Any CPU
		{632297E1-32B1-48F7-BAFF-6D1A686EB5FA}.Debug|Any CPU.Build.0 = Debug|Any CPU
		{632297E1-32B1-48F7-BAFF-6D1A686EB5FA}.Release|Any CPU.ActiveCfg = Release|Any CPU
		{632297E1-32B1-48F7-BAFF-6D1A686EB5FA}.Release|Any CPU.Build.0 = Release|Any CPU
		{CBA0B0E9-7885-48D9-8A9A-C64C8CFC057B}.Debug|Any CPU.ActiveCfg = Debug|Any CPU
		{CBA0B0E9-7885-48D9-8A9A-C64C8CFC057B}.Debug|Any CPU.Build.0 = Debug|Any CPU
		{CBA0B0E9-7885-48D9-8A9A-C64C8CFC057B}.Release|Any CPU.ActiveCfg = Release|Any CPU
		{CBA0B0E9-7885-48D9-8A9A-C64C8CFC057B}.Release|Any CPU.Build.0 = Release|Any CPU
		{151876F6-9044-4DF4-AAC9-04327AC7F9E1}.Debug|Any CPU.ActiveCfg = Debug|Any CPU
		{151876F6-9044-4DF4-AAC9-04327AC7F9E1}.Debug|Any CPU.Build.0 = Debug|Any CPU
		{151876F6-9044-4DF4-AAC9-04327AC7F9E1}.Release|Any CPU.ActiveCfg = Release|Any CPU
		{151876F6-9044-4DF4-AAC9-04327AC7F9E1}.Release|Any CPU.Build.0 = Release|Any CPU
		{51800EFB-AA06-4B23-B651-E4044F63809E}.Debug|Any CPU.ActiveCfg = Debug|Any CPU
		{51800EFB-AA06-4B23-B651-E4044F63809E}.Debug|Any CPU.Build.0 = Debug|Any CPU
		{51800EFB-AA06-4B23-B651-E4044F63809E}.Release|Any CPU.ActiveCfg = Release|Any CPU
		{51800EFB-AA06-4B23-B651-E4044F63809E}.Release|Any CPU.Build.0 = Release|Any CPU
		{FB7057B1-C3D7-4219-A7A1-D17B08166FE6}.Debug|Any CPU.ActiveCfg = Debug|Any CPU
		{FB7057B1-C3D7-4219-A7A1-D17B08166FE6}.Debug|Any CPU.Build.0 = Debug|Any CPU
		{FB7057B1-C3D7-4219-A7A1-D17B08166FE6}.Release|Any CPU.ActiveCfg = Release|Any CPU
		{FB7057B1-C3D7-4219-A7A1-D17B08166FE6}.Release|Any CPU.Build.0 = Release|Any CPU
	EndGlobalSection
	GlobalSection(SolutionProperties) = preSolution
		HideSolutionNode = FALSE
	EndGlobalSection
	GlobalSection(ExtensibilityGlobals) = postSolution
		SolutionGuid = {85E9C8AD-A20D-4523-9A44-34CDB1352874}
	EndGlobalSection
EndGlobal
